// !$*UTF8*$!
{
	archiveVersion = 1;
	classes = {
	};
	objectVersion = 46;
	objects = {

/* Begin PBXBuildFile section */
		1024C2E11C88C3FD00945A88 /* KZPropertyMapper+Date.m in Sources */ = {isa = PBXBuildFile; fileRef = 1024C2E01C88C3FD00945A88 /* KZPropertyMapper+Date.m */; };
		104DECDD1C31E3680044430F /* FPAccountViewController.m in Sources */ = {isa = PBXBuildFile; fileRef = 104DECDC1C31E3680044430F /* FPAccountViewController.m */; };
		104DECEB1C3334920044430F /* FPFeedViewController.m in Sources */ = {isa = PBXBuildFile; fileRef = 104DECEA1C3334920044430F /* FPFeedViewController.m */; };
		10563BFE1C29EDFB00356685 /* FPCommentViewController.m in Sources */ = {isa = PBXBuildFile; fileRef = 10563BFD1C29EDFB00356685 /* FPCommentViewController.m */; };
		1061E4491C2211D700B3BD42 /* FPPhotoTimelineViewController.m in Sources */ = {isa = PBXBuildFile; fileRef = 1061E4481C2211D700B3BD42 /* FPPhotoTimelineViewController.m */; };
		1061E49A1C2238CC00B3BD42 /* UIKit.framework in Frameworks */ = {isa = PBXBuildFile; fileRef = 1061E4991C2238CC00B3BD42 /* UIKit.framework */; };
		1061E49C1C2238D400B3BD42 /* Foundation.framework in Frameworks */ = {isa = PBXBuildFile; fileRef = 1061E49B1C2238D400B3BD42 /* Foundation.framework */; };
		1061E49E1C2238E400B3BD42 /* CoreGraphics.framework in Frameworks */ = {isa = PBXBuildFile; fileRef = 1061E49D1C2238E400B3BD42 /* CoreGraphics.framework */; };
		1061E4A11C2280CA00B3BD42 /* SignInViewController.m in Sources */ = {isa = PBXBuildFile; fileRef = 1061E4A01C2280CA00B3BD42 /* SignInViewController.m */; };
		1061E57D1C2359F400B3BD42 /* FPTabBarController.m in Sources */ = {isa = PBXBuildFile; fileRef = 1061E57C1C2359F400B3BD42 /* FPTabBarController.m */; };
		1061E5801C235A8D00B3BD42 /* FPEditPhotoViewController.m in Sources */ = {isa = PBXBuildFile; fileRef = 1061E57F1C235A8D00B3BD42 /* FPEditPhotoViewController.m */; };
		1061E58E1C24B4EC00B3BD42 /* FPAppState.m in Sources */ = {isa = PBXBuildFile; fileRef = 1061E58D1C24B4EC00B3BD42 /* FPAppState.m */; };
		1061E5921C24F2E300B3BD42 /* FPComment.m in Sources */ = {isa = PBXBuildFile; fileRef = 1061E5911C24F2E300B3BD42 /* FPComment.m */; };
		1061E5951C24F59600B3BD42 /* FPUser.m in Sources */ = {isa = PBXBuildFile; fileRef = 1061E5941C24F59600B3BD42 /* FPUser.m */; };
		1061E5981C24F68200B3BD42 /* FPPost.m in Sources */ = {isa = PBXBuildFile; fileRef = 1061E5971C24F68200B3BD42 /* FPPost.m */; };
		2C8562821AFAB65F00F0B24B /* Icon@2x.png in Resources */ = {isa = PBXBuildFile; fileRef = 2C85627D1AFAB65F00F0B24B /* Icon@2x.png */; };
		2C8562841AFAB65F00F0B24B /* Images.xcassets in Resources */ = {isa = PBXBuildFile; fileRef = 2C85627E1AFAB65F00F0B24B /* Images.xcassets */; };
		2C8562861AFAB65F00F0B24B /* LaunchScreen.xib in Resources */ = {isa = PBXBuildFile; fileRef = 2C85627F1AFAB65F00F0B24B /* LaunchScreen.xib */; };
		5F5A53521ADE670C00F81DF0 /* main.m in Sources */ = {isa = PBXBuildFile; fileRef = 5F5A53511ADE670C00F81DF0 /* main.m */; };
		5F5A53551ADE670C00F81DF0 /* AppDelegate.m in Sources */ = {isa = PBXBuildFile; fileRef = 5F5A53541ADE670C00F81DF0 /* AppDelegate.m */; };
		5F5A53581ADE670C00F81DF0 /* FPHomeViewController.m in Sources */ = {isa = PBXBuildFile; fileRef = 5F5A53571ADE670C00F81DF0 /* FPHomeViewController.m */; };
		5F5A535B1ADE670C00F81DF0 /* Main.storyboard in Resources */ = {isa = PBXBuildFile; fileRef = 5F5A53591ADE670C00F81DF0 /* Main.storyboard */; };
/* End PBXBuildFile section */

/* Begin PBXFileReference section */
		1024C2DF1C88C3FD00945A88 /* KZPropertyMapper+Date.h */ = {isa = PBXFileReference; fileEncoding = 4; lastKnownFileType = sourcecode.c.h; path = "KZPropertyMapper+Date.h"; sourceTree = "<group>"; };
		1024C2E01C88C3FD00945A88 /* KZPropertyMapper+Date.m */ = {isa = PBXFileReference; fileEncoding = 4; lastKnownFileType = sourcecode.c.objc; path = "KZPropertyMapper+Date.m"; sourceTree = "<group>"; };
		1037935F1BF4256400C88958 /* module.modulemap */ = {isa = PBXFileReference; lastKnownFileType = "sourcecode.module-map"; name = module.modulemap; path = Pods/Firebase/Headers/module.modulemap; sourceTree = "<group>"; };
		104DECDB1C31E3680044430F /* FPAccountViewController.h */ = {isa = PBXFileReference; fileEncoding = 4; lastKnownFileType = sourcecode.c.h; path = FPAccountViewController.h; sourceTree = "<group>"; };
		104DECDC1C31E3680044430F /* FPAccountViewController.m */ = {isa = PBXFileReference; fileEncoding = 4; lastKnownFileType = sourcecode.c.objc; path = FPAccountViewController.m; sourceTree = "<group>"; };
		104DECE91C3334920044430F /* FPFeedViewController.h */ = {isa = PBXFileReference; fileEncoding = 4; lastKnownFileType = sourcecode.c.h; path = FPFeedViewController.h; sourceTree = "<group>"; };
		104DECEA1C3334920044430F /* FPFeedViewController.m */ = {isa = PBXFileReference; fileEncoding = 4; lastKnownFileType = sourcecode.c.objc; path = FPFeedViewController.m; sourceTree = "<group>"; };
		10563BFC1C29EDFB00356685 /* FPCommentViewController.h */ = {isa = PBXFileReference; fileEncoding = 4; lastKnownFileType = sourcecode.c.h; path = FPCommentViewController.h; sourceTree = "<group>"; };
		10563BFD1C29EDFB00356685 /* FPCommentViewController.m */ = {isa = PBXFileReference; fileEncoding = 4; lastKnownFileType = sourcecode.c.objc; path = FPCommentViewController.m; sourceTree = "<group>"; };
		1061E4471C2211D700B3BD42 /* FPPhotoTimelineViewController.h */ = {isa = PBXFileReference; fileEncoding = 4; lastKnownFileType = sourcecode.c.h; path = FPPhotoTimelineViewController.h; sourceTree = "<group>"; };
		1061E4481C2211D700B3BD42 /* FPPhotoTimelineViewController.m */ = {isa = PBXFileReference; fileEncoding = 4; lastKnownFileType = sourcecode.c.objc; path = FPPhotoTimelineViewController.m; sourceTree = "<group>"; };
		1061E4991C2238CC00B3BD42 /* UIKit.framework */ = {isa = PBXFileReference; lastKnownFileType = wrapper.framework; name = UIKit.framework; path = System/Library/Frameworks/UIKit.framework; sourceTree = SDKROOT; };
		1061E49B1C2238D400B3BD42 /* Foundation.framework */ = {isa = PBXFileReference; lastKnownFileType = wrapper.framework; name = Foundation.framework; path = System/Library/Frameworks/Foundation.framework; sourceTree = SDKROOT; };
		1061E49D1C2238E400B3BD42 /* CoreGraphics.framework */ = {isa = PBXFileReference; lastKnownFileType = wrapper.framework; name = CoreGraphics.framework; path = System/Library/Frameworks/CoreGraphics.framework; sourceTree = SDKROOT; };
		1061E49F1C2280CA00B3BD42 /* SignInViewController.h */ = {isa = PBXFileReference; fileEncoding = 4; lastKnownFileType = sourcecode.c.h; path = SignInViewController.h; sourceTree = "<group>"; };
		1061E4A01C2280CA00B3BD42 /* SignInViewController.m */ = {isa = PBXFileReference; fileEncoding = 4; lastKnownFileType = sourcecode.c.objc; path = SignInViewController.m; sourceTree = "<group>"; };
		1061E57B1C2359F400B3BD42 /* FPTabBarController.h */ = {isa = PBXFileReference; fileEncoding = 4; lastKnownFileType = sourcecode.c.h; path = FPTabBarController.h; sourceTree = "<group>"; };
		1061E57C1C2359F400B3BD42 /* FPTabBarController.m */ = {isa = PBXFileReference; fileEncoding = 4; lastKnownFileType = sourcecode.c.objc; path = FPTabBarController.m; sourceTree = "<group>"; };
		1061E57E1C235A8D00B3BD42 /* FPEditPhotoViewController.h */ = {isa = PBXFileReference; fileEncoding = 4; lastKnownFileType = sourcecode.c.h; path = FPEditPhotoViewController.h; sourceTree = "<group>"; };
		1061E57F1C235A8D00B3BD42 /* FPEditPhotoViewController.m */ = {isa = PBXFileReference; fileEncoding = 4; lastKnownFileType = sourcecode.c.objc; path = FPEditPhotoViewController.m; sourceTree = "<group>"; };
		1061E58D1C24B4EC00B3BD42 /* FPAppState.m */ = {isa = PBXFileReference; fileEncoding = 4; lastKnownFileType = sourcecode.c.objc; path = FPAppState.m; sourceTree = "<group>"; };
		1061E58F1C24B50500B3BD42 /* FPAppState.h */ = {isa = PBXFileReference; lastKnownFileType = sourcecode.c.h; path = FPAppState.h; sourceTree = "<group>"; };
		1061E5901C24F2E300B3BD42 /* FPComment.h */ = {isa = PBXFileReference; fileEncoding = 4; lastKnownFileType = sourcecode.c.h; path = FPComment.h; sourceTree = "<group>"; };
		1061E5911C24F2E300B3BD42 /* FPComment.m */ = {isa = PBXFileReference; fileEncoding = 4; lastKnownFileType = sourcecode.c.objc; path = FPComment.m; sourceTree = "<group>"; };
		1061E5931C24F59600B3BD42 /* FPUser.h */ = {isa = PBXFileReference; fileEncoding = 4; lastKnownFileType = sourcecode.c.h; path = FPUser.h; sourceTree = "<group>"; };
		1061E5941C24F59600B3BD42 /* FPUser.m */ = {isa = PBXFileReference; fileEncoding = 4; lastKnownFileType = sourcecode.c.objc; path = FPUser.m; sourceTree = "<group>"; };
		1061E5961C24F68200B3BD42 /* FPPost.h */ = {isa = PBXFileReference; fileEncoding = 4; lastKnownFileType = sourcecode.c.h; path = FPPost.h; sourceTree = "<group>"; };
		1061E5971C24F68200B3BD42 /* FPPost.m */ = {isa = PBXFileReference; fileEncoding = 4; lastKnownFileType = sourcecode.c.objc; path = FPPost.m; sourceTree = "<group>"; };
		2C85627D1AFAB65F00F0B24B /* Icon@2x.png */ = {isa = PBXFileReference; lastKnownFileType = image.png; path = "Icon@2x.png"; sourceTree = "<group>"; };
		2C85627E1AFAB65F00F0B24B /* Images.xcassets */ = {isa = PBXFileReference; lastKnownFileType = folder.assetcatalog; path = Images.xcassets; sourceTree = "<group>"; };
		2C85627F1AFAB65F00F0B24B /* LaunchScreen.xib */ = {isa = PBXFileReference; fileEncoding = 4; lastKnownFileType = file.xib; path = LaunchScreen.xib; sourceTree = "<group>"; };
		5F5A534C1ADE670C00F81DF0 /* FriendlyPix.app */ = {isa = PBXFileReference; explicitFileType = wrapper.application; includeInIndex = 0; path = FriendlyPix.app; sourceTree = BUILT_PRODUCTS_DIR; };
		5F5A53501ADE670C00F81DF0 /* Info.plist */ = {isa = PBXFileReference; lastKnownFileType = text.plist.xml; path = Info.plist; sourceTree = "<group>"; };
		5F5A53511ADE670C00F81DF0 /* main.m */ = {isa = PBXFileReference; lastKnownFileType = sourcecode.c.objc; path = main.m; sourceTree = "<group>"; };
		5F5A53531ADE670C00F81DF0 /* AppDelegate.h */ = {isa = PBXFileReference; lastKnownFileType = sourcecode.c.h; path = AppDelegate.h; sourceTree = "<group>"; };
		5F5A53541ADE670C00F81DF0 /* AppDelegate.m */ = {isa = PBXFileReference; lastKnownFileType = sourcecode.c.objc; path = AppDelegate.m; sourceTree = "<group>"; };
		5F5A53561ADE670C00F81DF0 /* FPHomeViewController.h */ = {isa = PBXFileReference; lastKnownFileType = sourcecode.c.h; path = FPHomeViewController.h; sourceTree = "<group>"; };
		5F5A53571ADE670C00F81DF0 /* FPHomeViewController.m */ = {isa = PBXFileReference; lastKnownFileType = sourcecode.c.objc; path = FPHomeViewController.m; sourceTree = "<group>"; };
		5F5A535A1ADE670C00F81DF0 /* Base */ = {isa = PBXFileReference; lastKnownFileType = file.storyboard; name = Base; path = Base.lproj/Main.storyboard; sourceTree = "<group>"; };
/* End PBXFileReference section */

/* Begin PBXFrameworksBuildPhase section */
		5F5A53491ADE670C00F81DF0 /* Frameworks */ = {
			isa = PBXFrameworksBuildPhase;
			buildActionMask = 2147483647;
			files = (
				1061E49E1C2238E400B3BD42 /* CoreGraphics.framework in Frameworks */,
				1061E49C1C2238D400B3BD42 /* Foundation.framework in Frameworks */,
				1061E49A1C2238CC00B3BD42 /* UIKit.framework in Frameworks */,
			);
			runOnlyForDeploymentPostprocessing = 0;
		};
/* End PBXFrameworksBuildPhase section */

/* Begin PBXGroup section */
		104DECED1C344BDC0044430F /* Controllers */ = {
			isa = PBXGroup;
			children = (
				1061E4471C2211D700B3BD42 /* FPPhotoTimelineViewController.h */,
				1061E4481C2211D700B3BD42 /* FPPhotoTimelineViewController.m */,
				104DECDB1C31E3680044430F /* FPAccountViewController.h */,
				104DECDC1C31E3680044430F /* FPAccountViewController.m */,
				104DECE91C3334920044430F /* FPFeedViewController.h */,
				104DECEA1C3334920044430F /* FPFeedViewController.m */,
				5F5A53561ADE670C00F81DF0 /* FPHomeViewController.h */,
				5F5A53571ADE670C00F81DF0 /* FPHomeViewController.m */,
				1061E57B1C2359F400B3BD42 /* FPTabBarController.h */,
				1061E57C1C2359F400B3BD42 /* FPTabBarController.m */,
				1061E57E1C235A8D00B3BD42 /* FPEditPhotoViewController.h */,
				1061E57F1C235A8D00B3BD42 /* FPEditPhotoViewController.m */,
				1061E49F1C2280CA00B3BD42 /* SignInViewController.h */,
				1061E4A01C2280CA00B3BD42 /* SignInViewController.m */,
				10563BFC1C29EDFB00356685 /* FPCommentViewController.h */,
				10563BFD1C29EDFB00356685 /* FPCommentViewController.m */,
			);
			name = Controllers;
			sourceTree = "<group>";
		};
		1061E44A1C2211E100B3BD42 /* Models */ = {
			isa = PBXGroup;
			children = (
				1061E5901C24F2E300B3BD42 /* FPComment.h */,
				1061E5911C24F2E300B3BD42 /* FPComment.m */,
				1061E5931C24F59600B3BD42 /* FPUser.h */,
				1061E5941C24F59600B3BD42 /* FPUser.m */,
				1061E5961C24F68200B3BD42 /* FPPost.h */,
				1061E5971C24F68200B3BD42 /* FPPost.m */,
				1024C2DF1C88C3FD00945A88 /* KZPropertyMapper+Date.h */,
				1024C2E01C88C3FD00945A88 /* KZPropertyMapper+Date.m */,
			);
			path = Models;
			sourceTree = "<group>";
		};
		2C85627A1AFAB65F00F0B24B /* shared */ = {
			isa = PBXGroup;
			children = (
				2C85627D1AFAB65F00F0B24B /* Icon@2x.png */,
				2C85627E1AFAB65F00F0B24B /* Images.xcassets */,
				2C85627F1AFAB65F00F0B24B /* LaunchScreen.xib */,
			);
			path = shared;
			sourceTree = "<group>";
		};
		5F5A53431ADE670C00F81DF0 = {
			isa = PBXGroup;
			children = (
				2C85627A1AFAB65F00F0B24B /* shared */,
				5F5A534E1ADE670C00F81DF0 /* FriendlyPix */,
				5F5A534D1ADE670C00F81DF0 /* Products */,
				AD1F1C80A93A096F652504F5 /* Frameworks */,
			);
			sourceTree = "<group>";
		};
		5F5A534D1ADE670C00F81DF0 /* Products */ = {
			isa = PBXGroup;
			children = (
				5F5A534C1ADE670C00F81DF0 /* FriendlyPix.app */,
			);
			name = Products;
			sourceTree = "<group>";
		};
		5F5A534E1ADE670C00F81DF0 /* FriendlyPix */ = {
			isa = PBXGroup;
			children = (
				104DECED1C344BDC0044430F /* Controllers */,
				1061E44A1C2211E100B3BD42 /* Models */,
				5F5A53531ADE670C00F81DF0 /* AppDelegate.h */,
				5F5A53541ADE670C00F81DF0 /* AppDelegate.m */,
				5F5A534F1ADE670C00F81DF0 /* Supporting Files */,
				1061E58F1C24B50500B3BD42 /* FPAppState.h */,
				1061E58D1C24B4EC00B3BD42 /* FPAppState.m */,
			);
			path = FriendlyPix;
			sourceTree = "<group>";
		};
		5F5A534F1ADE670C00F81DF0 /* Supporting Files */ = {
			isa = PBXGroup;
			children = (
				5F5A53591ADE670C00F81DF0 /* Main.storyboard */,
				5F5A53501ADE670C00F81DF0 /* Info.plist */,
				5F5A53511ADE670C00F81DF0 /* main.m */,
			);
			name = "Supporting Files";
			sourceTree = "<group>";
		};
		AD1F1C80A93A096F652504F5 /* Frameworks */ = {
			isa = PBXGroup;
			children = (
				1061E49D1C2238E400B3BD42 /* CoreGraphics.framework */,
				1061E49B1C2238D400B3BD42 /* Foundation.framework */,
				1061E4991C2238CC00B3BD42 /* UIKit.framework */,
				1037935F1BF4256400C88958 /* module.modulemap */,
			);
			name = Frameworks;
			sourceTree = "<group>";
		};
/* End PBXGroup section */

/* Begin PBXNativeTarget section */
		5F5A534B1ADE670C00F81DF0 /* FriendlyPix */ = {
			isa = PBXNativeTarget;
			buildConfigurationList = 5F5A536F1ADE670C00F81DF0 /* Build configuration list for PBXNativeTarget "FriendlyPix" */;
			buildPhases = (
				5F5A53481ADE670C00F81DF0 /* Sources */,
				5F5A53491ADE670C00F81DF0 /* Frameworks */,
				5F5A534A1ADE670C00F81DF0 /* Resources */,
			);
			buildRules = (
			);
			dependencies = (
			);
			name = FriendlyPix;
			productName = FriendlyPing;
			productReference = 5F5A534C1ADE670C00F81DF0 /* FriendlyPix.app */;
			productType = "com.apple.product-type.application";
		};
/* End PBXNativeTarget section */

/* Begin PBXProject section */
		5F5A53441ADE670C00F81DF0 /* Project object */ = {
			isa = PBXProject;
			attributes = {
				LastSwiftUpdateCheck = 0710;
				LastUpgradeCheck = 0710;
				ORGANIZATIONNAME = "Google Inc.";
				TargetAttributes = {
					5F5A534B1ADE670C00F81DF0 = {
						CreatedOnToolsVersion = 6.3;
						DevelopmentTeam = EQHXZ8M8AV;
					};
				};
			};
			buildConfigurationList = 5F5A53471ADE670C00F81DF0 /* Build configuration list for PBXProject "FriendlyPix" */;
			compatibilityVersion = "Xcode 3.2";
			developmentRegion = English;
			hasScannedForEncodings = 0;
			knownRegions = (
				en,
				Base,
			);
			mainGroup = 5F5A53431ADE670C00F81DF0;
			productRefGroup = 5F5A534D1ADE670C00F81DF0 /* Products */;
			projectDirPath = "";
			projectRoot = "";
			targets = (
				5F5A534B1ADE670C00F81DF0 /* FriendlyPix */,
			);
		};
/* End PBXProject section */

/* Begin PBXResourcesBuildPhase section */
		5F5A534A1ADE670C00F81DF0 /* Resources */ = {
			isa = PBXResourcesBuildPhase;
			buildActionMask = 2147483647;
			files = (
				2C8562861AFAB65F00F0B24B /* LaunchScreen.xib in Resources */,
				2C8562841AFAB65F00F0B24B /* Images.xcassets in Resources */,
				5F5A535B1ADE670C00F81DF0 /* Main.storyboard in Resources */,
				2C8562821AFAB65F00F0B24B /* Icon@2x.png in Resources */,
			);
			runOnlyForDeploymentPostprocessing = 0;
		};
/* End PBXResourcesBuildPhase section */

/* Begin PBXSourcesBuildPhase section */
		5F5A53481ADE670C00F81DF0 /* Sources */ = {
			isa = PBXSourcesBuildPhase;
			buildActionMask = 2147483647;
			files = (
				5F5A53581ADE670C00F81DF0 /* FPHomeViewController.m in Sources */,
				104DECEB1C3334920044430F /* FPFeedViewController.m in Sources */,
				1061E4491C2211D700B3BD42 /* FPPhotoTimelineViewController.m in Sources */,
				1061E4A11C2280CA00B3BD42 /* SignInViewController.m in Sources */,
				5F5A53551ADE670C00F81DF0 /* AppDelegate.m in Sources */,
				1061E5951C24F59600B3BD42 /* FPUser.m in Sources */,
				104DECDD1C31E3680044430F /* FPAccountViewController.m in Sources */,
				1061E57D1C2359F400B3BD42 /* FPTabBarController.m in Sources */,
				1061E5801C235A8D00B3BD42 /* FPEditPhotoViewController.m in Sources */,
				5F5A53521ADE670C00F81DF0 /* main.m in Sources */,
				1061E5921C24F2E300B3BD42 /* FPComment.m in Sources */,
				10563BFE1C29EDFB00356685 /* FPCommentViewController.m in Sources */,
				1024C2E11C88C3FD00945A88 /* KZPropertyMapper+Date.m in Sources */,
				1061E58E1C24B4EC00B3BD42 /* FPAppState.m in Sources */,
				1061E5981C24F68200B3BD42 /* FPPost.m in Sources */,
			);
			runOnlyForDeploymentPostprocessing = 0;
		};
/* End PBXSourcesBuildPhase section */

/* Begin PBXVariantGroup section */
		5F5A53591ADE670C00F81DF0 /* Main.storyboard */ = {
			isa = PBXVariantGroup;
			children = (
				5F5A535A1ADE670C00F81DF0 /* Base */,
			);
			name = Main.storyboard;
			sourceTree = "<group>";
		};
/* End PBXVariantGroup section */

/* Begin XCBuildConfiguration section */
		5F5A536D1ADE670C00F81DF0 /* Debug */ = {
			isa = XCBuildConfiguration;
			buildSettings = {
				ALWAYS_SEARCH_USER_PATHS = NO;
				CLANG_CXX_LANGUAGE_STANDARD = "gnu++0x";
				CLANG_CXX_LIBRARY = "libc++";
				CLANG_ENABLE_MODULES = YES;
				CLANG_ENABLE_OBJC_ARC = YES;
				CLANG_WARN_BOOL_CONVERSION = YES;
				CLANG_WARN_CONSTANT_CONVERSION = YES;
				CLANG_WARN_DIRECT_OBJC_ISA_USAGE = YES_ERROR;
				CLANG_WARN_EMPTY_BODY = YES;
				CLANG_WARN_ENUM_CONVERSION = YES;
				CLANG_WARN_INT_CONVERSION = YES;
				CLANG_WARN_OBJC_ROOT_CLASS = YES_ERROR;
				CLANG_WARN_UNREACHABLE_CODE = YES;
				CLANG_WARN__DUPLICATE_METHOD_MATCH = YES;
				CODE_SIGN_IDENTITY = "iPhone Developer: Google Development (3F4Y5873JF)";
				"CODE_SIGN_IDENTITY[sdk=iphoneos*]" = "iPhone Developer: Google Development (3F4Y5873JF)";
				COPY_PHASE_STRIP = NO;
				ENABLE_STRICT_OBJC_MSGSEND = YES;
				ENABLE_TESTABILITY = YES;
				GCC_C_LANGUAGE_STANDARD = gnu99;
				GCC_DYNAMIC_NO_PIC = NO;
				GCC_NO_COMMON_BLOCKS = YES;
				GCC_OPTIMIZATION_LEVEL = 0;
				GCC_PREPROCESSOR_DEFINITIONS = (
					"DEBUG=1",
					"$(inherited)",
				);
				GCC_SYMBOLS_PRIVATE_EXTERN = NO;
				GCC_WARN_64_TO_32_BIT_CONVERSION = YES;
				GCC_WARN_ABOUT_RETURN_TYPE = YES_ERROR;
				GCC_WARN_UNDECLARED_SELECTOR = YES;
				GCC_WARN_UNINITIALIZED_AUTOS = YES_AGGRESSIVE;
				GCC_WARN_UNUSED_FUNCTION = YES;
				GCC_WARN_UNUSED_VARIABLE = YES;
				IPHONEOS_DEPLOYMENT_TARGET = 7.0;
				MTL_ENABLE_DEBUG_INFO = YES;
				ONLY_ACTIVE_ARCH = YES;
				PROVISIONING_PROFILE = "65c2088b-2425-4961-b6d5-0256d4790678";
				SDKROOT = iphoneos;
				TARGETED_DEVICE_FAMILY = "1,2";
			};
			name = Debug;
		};
		5F5A536E1ADE670C00F81DF0 /* Release */ = {
			isa = XCBuildConfiguration;
			buildSettings = {
				ALWAYS_SEARCH_USER_PATHS = NO;
				CLANG_CXX_LANGUAGE_STANDARD = "gnu++0x";
				CLANG_CXX_LIBRARY = "libc++";
				CLANG_ENABLE_MODULES = YES;
				CLANG_ENABLE_OBJC_ARC = YES;
				CLANG_WARN_BOOL_CONVERSION = YES;
				CLANG_WARN_CONSTANT_CONVERSION = YES;
				CLANG_WARN_DIRECT_OBJC_ISA_USAGE = YES_ERROR;
				CLANG_WARN_EMPTY_BODY = YES;
				CLANG_WARN_ENUM_CONVERSION = YES;
				CLANG_WARN_INT_CONVERSION = YES;
				CLANG_WARN_OBJC_ROOT_CLASS = YES_ERROR;
				CLANG_WARN_UNREACHABLE_CODE = YES;
				CLANG_WARN__DUPLICATE_METHOD_MATCH = YES;
				CODE_SIGN_IDENTITY = "iPhone Developer: Google Development (3F4Y5873JF)";
				"CODE_SIGN_IDENTITY[sdk=iphoneos*]" = "iPhone Developer: Google Development (3F4Y5873JF)";
				COPY_PHASE_STRIP = YES;
				ENABLE_NS_ASSERTIONS = NO;
				ENABLE_STRICT_OBJC_MSGSEND = YES;
				GCC_C_LANGUAGE_STANDARD = gnu99;
				GCC_NO_COMMON_BLOCKS = YES;
				GCC_WARN_64_TO_32_BIT_CONVERSION = YES;
				GCC_WARN_ABOUT_RETURN_TYPE = YES_ERROR;
				GCC_WARN_UNDECLARED_SELECTOR = YES;
				GCC_WARN_UNINITIALIZED_AUTOS = YES_AGGRESSIVE;
				GCC_WARN_UNUSED_FUNCTION = YES;
				GCC_WARN_UNUSED_VARIABLE = YES;
				IPHONEOS_DEPLOYMENT_TARGET = 7.0;
				MTL_ENABLE_DEBUG_INFO = NO;
				PROVISIONING_PROFILE = "65c2088b-2425-4961-b6d5-0256d4790678";
				SDKROOT = iphoneos;
				TARGETED_DEVICE_FAMILY = "1,2";
				VALIDATE_PRODUCT = YES;
			};
			name = Release;
		};
		5F5A53701ADE670C00F81DF0 /* Debug */ = {
			isa = XCBuildConfiguration;
			buildSettings = {
				ASSETCATALOG_COMPILER_APPICON_NAME = AppIcon;
				ASSETCATALOG_COMPILER_LAUNCHIMAGE_NAME = LaunchImage;
				CLANG_ENABLE_MODULES = YES;
				CODE_SIGN_IDENTITY = "iPhone Developer";
				"CODE_SIGN_IDENTITY[sdk=iphoneos*]" = "iPhone Developer";
				ENABLE_BITCODE = NO;
				GCC_PRECOMPILE_PREFIX_HEADER = YES;
				GCC_PREFIX_HEADER = "";
				INFOPLIST_FILE = "$(SRCROOT)/FriendlyPix/Info.plist";
				IPHONEOS_DEPLOYMENT_TARGET = 7.0;
				LD_RUNPATH_SEARCH_PATHS = "$(inherited) @executable_path/Frameworks";
				PRODUCT_BUNDLE_IDENTIFIER = com.google.experimental0.dev;
				PRODUCT_NAME = FriendlyPix;
				PROVISIONING_PROFILE = "";
				SWIFT_OPTIMIZATION_LEVEL = "-Onone";
			};
			name = Debug;
		};
		5F5A53711ADE670C00F81DF0 /* Release */ = {
			isa = XCBuildConfiguration;
			buildSettings = {
				ASSETCATALOG_COMPILER_APPICON_NAME = AppIcon;
				ASSETCATALOG_COMPILER_LAUNCHIMAGE_NAME = LaunchImage;
				CLANG_ENABLE_MODULES = YES;
				CODE_SIGN_IDENTITY = "iPhone Developer";
				"CODE_SIGN_IDENTITY[sdk=iphoneos*]" = "iPhone Developer";
				ENABLE_BITCODE = NO;
				GCC_PRECOMPILE_PREFIX_HEADER = YES;
				GCC_PREFIX_HEADER = "";
				INFOPLIST_FILE = "$(SRCROOT)/FriendlyPix/Info.plist";
				IPHONEOS_DEPLOYMENT_TARGET = 7.0;
				LD_RUNPATH_SEARCH_PATHS = "$(inherited) @executable_path/Frameworks";
				PRODUCT_BUNDLE_IDENTIFIER = com.google.experimental0.dev;
				PRODUCT_NAME = FriendlyPix;
				PROVISIONING_PROFILE = "";
			};
			name = Release;
		};
/* End XCBuildConfiguration section */

/* Begin XCConfigurationList section */
		5F5A53471ADE670C00F81DF0 /* Build configuration list for PBXProject "FriendlyPix" */ = {
			isa = XCConfigurationList;
			buildConfigurations = (
				5F5A536D1ADE670C00F81DF0 /* Debug */,
				5F5A536E1ADE670C00F81DF0 /* Release */,
			);
			defaultConfigurationIsVisible = 0;
			defaultConfigurationName = Release;
		};
		5F5A536F1ADE670C00F81DF0 /* Build configuration list for PBXNativeTarget "FriendlyPix" */ = {
			isa = XCConfigurationList;
			buildConfigurations = (
				5F5A53701ADE670C00F81DF0 /* Debug */,
				5F5A53711ADE670C00F81DF0 /* Release */,
			);
			defaultConfigurationIsVisible = 0;
			defaultConfigurationName = Release;
		};
/* End XCConfigurationList section */
	};
	rootObject = 5F5A53441ADE670C00F81DF0 /* Project object */;
}
